
Microsoft Visual Studio Solution File, Format Version 12.00
# Visual Studio 2012
Project("{8BC9CEB8-8B4A-11D0-8D11-00A0C91BC942}") = "SocketLibrary", "SocketLibrary\SocketLibrary.vcxproj", "{543E1AEF-CCD1-4B5F-B817-5339CCE71D16}"
EndProject
Project("{8BC9CEB8-8B4A-11D0-8D11-00A0C91BC942}") = "TestServer", "TestServer\TestServer.vcxproj", "{24FDFFE4-D9DA-4E85-BF7D-B5B720089DB2}"
EndProject
Project("{8BC9CEB8-8B4A-11D0-8D11-00A0C91BC942}") = "TestClient", "TestClient\TestClient.vcxproj", "{3BEFB20A-F594-4794-8ED3-88D63B16CA19}"
EndProject
Global
	GlobalSection(SolutionConfigurationPlatforms) = preSolution
		Debug|Win32 = Debug|Win32
		Debug|x64 = Debug|x64
		DebugDLL|Win32 = DebugDLL|Win32
		DebugDLL|x64 = DebugDLL|x64
		Release|Win32 = Release|Win32
		Release|x64 = Release|x64
		ReleaseDLL|Win32 = ReleaseDLL|Win32
		ReleaseDLL|x64 = ReleaseDLL|x64
	EndGlobalSection
	GlobalSection(ProjectConfigurationPlatforms) = postSolution
		{543E1AEF-CCD1-4B5F-B817-5339CCE71D16}.Debug|Win32.ActiveCfg = Debug|Win32
		{543E1AEF-CCD1-4B5F-B817-5339CCE71D16}.Debug|Win32.Build.0 = Debug|Win32
		{543E1AEF-CCD1-4B5F-B817-5339CCE71D16}.Debug|x64.ActiveCfg = Debug|x64
		{543E1AEF-CCD1-4B5F-B817-5339CCE71D16}.Debug|x64.Build.0 = Debug|x64
		{543E1AEF-CCD1-4B5F-B817-5339CCE71D16}.DebugDLL|Win32.ActiveCfg = DebugDLL|Win32
		{543E1AEF-CCD1-4B5F-B817-5339CCE71D16}.DebugDLL|Win32.Build.0 = DebugDLL|Win32
		{543E1AEF-CCD1-4B5F-B817-5339CCE71D16}.DebugDLL|x64.ActiveCfg = DebugDLL|x64
		{543E1AEF-CCD1-4B5F-B817-5339CCE71D16}.DebugDLL|x64.Build.0 = DebugDLL|x64
		{543E1AEF-CCD1-4B5F-B817-5339CCE71D16}.Release|Win32.ActiveCfg = Release|Win32
		{543E1AEF-CCD1-4B5F-B817-5339CCE71D16}.Release|Win32.Build.0 = Release|Win32
		{543E1AEF-CCD1-4B5F-B817-5339CCE71D16}.Release|x64.ActiveCfg = Release|x64
		{543E1AEF-CCD1-4B5F-B817-5339CCE71D16}.Release|x64.Build.0 = Release|x64
		{543E1AEF-CCD1-4B5F-B817-5339CCE71D16}.ReleaseDLL|Win32.ActiveCfg = ReleaseDLL|Win32
		{543E1AEF-CCD1-4B5F-B817-5339CCE71D16}.ReleaseDLL|Win32.Build.0 = ReleaseDLL|Win32
		{543E1AEF-CCD1-4B5F-B817-5339CCE71D16}.ReleaseDLL|x64.ActiveCfg = ReleaseDLL|x64
		{543E1AEF-CCD1-4B5F-B817-5339CCE71D16}.ReleaseDLL|x64.Build.0 = ReleaseDLL|x64
		{24FDFFE4-D9DA-4E85-BF7D-B5B720089DB2}.Debug|Win32.ActiveCfg = Debug|Win32
		{24FDFFE4-D9DA-4E85-BF7D-B5B720089DB2}.Debug|Win32.Build.0 = Debug|Win32
		{24FDFFE4-D9DA-4E85-BF7D-B5B720089DB2}.Debug|x64.ActiveCfg = Debug|x64
		{24FDFFE4-D9DA-4E85-BF7D-B5B720089DB2}.Debug|x64.Build.0 = Debug|x64
		{24FDFFE4-D9DA-4E85-BF7D-B5B720089DB2}.DebugDLL|Win32.ActiveCfg = DebugDLL|Win32
		{24FDFFE4-D9DA-4E85-BF7D-B5B720089DB2}.DebugDLL|Win32.Build.0 = DebugDLL|Win32
		{24FDFFE4-D9DA-4E85-BF7D-B5B720089DB2}.DebugDLL|x64.ActiveCfg = DebugDLL|x64
		{24FDFFE4-D9DA-4E85-BF7D-B5B720089DB2}.DebugDLL|x64.Build.0 = DebugDLL|x64
		{24FDFFE4-D9DA-4E85-BF7D-B5B720089DB2}.Release|Win32.ActiveCfg = Release|Win32
		{24FDFFE4-D9DA-4E85-BF7D-B5B720089DB2}.Release|Win32.Build.0 = Release|Win32
		{24FDFFE4-D9DA-4E85-BF7D-B5B720089DB2}.Release|x64.ActiveCfg = Release|x64
		{24FDFFE4-D9DA-4E85-BF7D-B5B720089DB2}.Release|x64.Build.0 = Release|x64
		{24FDFFE4-D9DA-4E85-BF7D-B5B720089DB2}.ReleaseDLL|Win32.ActiveCfg = ReleaseDLL|Win32
		{24FDFFE4-D9DA-4E85-BF7D-B5B720089DB2}.ReleaseDLL|Win32.Build.0 = ReleaseDLL|Win32
		{24FDFFE4-D9DA-4E85-BF7D-B5B720089DB2}.ReleaseDLL|x64.ActiveCfg = ReleaseDLL|x64
		{24FDFFE4-D9DA-4E85-BF7D-B5B720089DB2}.ReleaseDLL|x64.Build.0 = ReleaseDLL|x64
		{3BEFB20A-F594-4794-8ED3-88D63B16CA19}.Debug|Win32.ActiveCfg = Debug|Win32
		{3BEFB20A-F594-4794-8ED3-88D63B16CA19}.Debug|Win32.Build.0 = Debug|Win32
		{3BEFB20A-F594-4794-8ED3-88D63B16CA19}.Debug|x64.ActiveCfg = Debug|x64
		{3BEFB20A-F594-4794-8ED3-88D63B16CA19}.Debug|x64.Build.0 = Debug|x64
		{3BEFB20A-F594-4794-8ED3-88D63B16CA19}.DebugDLL|Win32.ActiveCfg = DebugDLL|Win32
		{3BEFB20A-F594-4794-8ED3-88D63B16CA19}.DebugDLL|Win32.Build.0 = DebugDLL|Win32
		{3BEFB20A-F594-4794-8ED3-88D63B16CA19}.DebugDLL|x64.ActiveCfg = DebugDLL|x64
		{3BEFB20A-F594-4794-8ED3-88D63B16CA19}.DebugDLL|x64.Build.0 = DebugDLL|x64
		{3BEFB20A-F594-4794-8ED3-88D63B16CA19}.Release|Win32.ActiveCfg = Release|Win32
		{3BEFB20A-F594-4794-8ED3-88D63B16CA19}.Release|Win32.Build.0 = Release|Win32
		{3BEFB20A-F594-4794-8ED3-88D63B16CA19}.Release|x64.ActiveCfg = Release|x64
		{3BEFB20A-F594-4794-8ED3-88D63B16CA19}.Release|x64.Build.0 = Release|x64
		{3BEFB20A-F594-4794-8ED3-88D63B16CA19}.ReleaseDLL|Win32.ActiveCfg = ReleaseDLL|Win32
		{3BEFB20A-F594-4794-8ED3-88D63B16CA19}.ReleaseDLL|Win32.Build.0 = ReleaseDLL|Win32
		{3BEFB20A-F594-4794-8ED3-88D63B16CA19}.ReleaseDLL|x64.ActiveCfg = ReleaseDLL|x64
		{3BEFB20A-F594-4794-8ED3-88D63B16CA19}.ReleaseDLL|x64.Build.0 = ReleaseDLL|x64
	EndGlobalSection
	GlobalSection(SolutionProperties) = preSolution
		HideSolutionNode = FALSE
	EndGlobalSection
EndGlobal
